// !$*UTF8*$!
{
	archiveVersion = 1;
	classes = {
	};
	objectVersion = 46;
	objects = {

/* Begin PBXBuildFile section */
		1809F15F1708B02A005F03F0 /* gamegrid.png in Resources */ = {isa = PBXBuildFile; fileRef = 1809F15C1708B02A005F03F0 /* gamegrid.png */; };
		1809F1601708B02A005F03F0 /* gamegrid.png in Resources */ = {isa = PBXBuildFile; fileRef = 1809F15C1708B02A005F03F0 /* gamegrid.png */; };
		1809F1611708B02A005F03F0 /* bean.png in Resources */ = {isa = PBXBuildFile; fileRef = 1809F15D1708B02A005F03F0 /* bean.png */; };
		1809F1621708B02A005F03F0 /* bean.png in Resources */ = {isa = PBXBuildFile; fileRef = 1809F15D1708B02A005F03F0 /* bean.png */; };
		1809F1631708B02A005F03F0 /* cheese.png in Resources */ = {isa = PBXBuildFile; fileRef = 1809F15E1708B02A005F03F0 /* cheese.png */; };
		1809F1641708B02A005F03F0 /* cheese.png in Resources */ = {isa = PBXBuildFile; fileRef = 1809F15E1708B02A005F03F0 /* cheese.png */; };
		1809F16F17090E05005F03F0 /* RuleControllerTests.m in Sources */ = {isa = PBXBuildFile; fileRef = 1809F16E17090E05005F03F0 /* RuleControllerTests.m */; };
		18842B33170612EB005B77E4 /* UIKit.framework in Frameworks */ = {isa = PBXBuildFile; fileRef = 18842B32170612EB005B77E4 /* UIKit.framework */; };
		18842B35170612EB005B77E4 /* Foundation.framework in Frameworks */ = {isa = PBXBuildFile; fileRef = 18842B34170612EB005B77E4 /* Foundation.framework */; };
		18842B37170612EB005B77E4 /* CoreGraphics.framework in Frameworks */ = {isa = PBXBuildFile; fileRef = 18842B36170612EB005B77E4 /* CoreGraphics.framework */; };
		18842B3D170612EB005B77E4 /* InfoPlist.strings in Resources */ = {isa = PBXBuildFile; fileRef = 18842B3B170612EB005B77E4 /* InfoPlist.strings */; };
		18842B3F170612EB005B77E4 /* main.m in Sources */ = {isa = PBXBuildFile; fileRef = 18842B3E170612EB005B77E4 /* main.m */; };
		18842B43170612EB005B77E4 /* AppDelegate.m in Sources */ = {isa = PBXBuildFile; fileRef = 18842B42170612EB005B77E4 /* AppDelegate.m */; };
		18842B45170612EB005B77E4 /* Default.png in Resources */ = {isa = PBXBuildFile; fileRef = 18842B44170612EB005B77E4 /* Default.png */; };
		18842B47170612EB005B77E4 /* Default@2x.png in Resources */ = {isa = PBXBuildFile; fileRef = 18842B46170612EB005B77E4 /* Default@2x.png */; };
		18842B49170612EB005B77E4 /* Default-568h@2x.png in Resources */ = {isa = PBXBuildFile; fileRef = 18842B48170612EB005B77E4 /* Default-568h@2x.png */; };
		18842B4C170612EB005B77E4 /* MainStoryboard_iPhone.storyboard in Resources */ = {isa = PBXBuildFile; fileRef = 18842B4A170612EB005B77E4 /* MainStoryboard_iPhone.storyboard */; };
		18842B4F170612EB005B77E4 /* MainStoryboard_iPad.storyboard in Resources */ = {isa = PBXBuildFile; fileRef = 18842B4D170612EB005B77E4 /* MainStoryboard_iPad.storyboard */; };
		18842B52170612EB005B77E4 /* GameBoardVC.m in Sources */ = {isa = PBXBuildFile; fileRef = 18842B51170612EB005B77E4 /* GameBoardVC.m */; };
		18842B5A170612EB005B77E4 /* SenTestingKit.framework in Frameworks */ = {isa = PBXBuildFile; fileRef = 18842B59170612EB005B77E4 /* SenTestingKit.framework */; };
		18842B5B170612EB005B77E4 /* UIKit.framework in Frameworks */ = {isa = PBXBuildFile; fileRef = 18842B32170612EB005B77E4 /* UIKit.framework */; };
		18842B5C170612EB005B77E4 /* Foundation.framework in Frameworks */ = {isa = PBXBuildFile; fileRef = 18842B34170612EB005B77E4 /* Foundation.framework */; };
		18842B64170612EB005B77E4 /* InfoPlist.strings in Resources */ = {isa = PBXBuildFile; fileRef = 18842B62170612EB005B77E4 /* InfoPlist.strings */; };
		18842B67170612EB005B77E4 /* RLTicTacToeTests.m in Sources */ = {isa = PBXBuildFile; fileRef = 18842B66170612EB005B77E4 /* RLTicTacToeTests.m */; };
		18842B721706158B005B77E4 /* GridModel.m in Sources */ = {isa = PBXBuildFile; fileRef = 18842B711706158B005B77E4 /* GridModel.m */; };
		18842B731706158B005B77E4 /* GridModel.m in Sources */ = {isa = PBXBuildFile; fileRef = 18842B711706158B005B77E4 /* GridModel.m */; };
		18842B7617067CE9005B77E4 /* NSMutableArray+MultidimensionalAdditions.m in Sources */ = {isa = PBXBuildFile; fileRef = 18842B7517067CE9005B77E4 /* NSMutableArray+MultidimensionalAdditions.m */; };
		18842B7717067CE9005B77E4 /* NSMutableArray+MultidimensionalAdditions.m in Sources */ = {isa = PBXBuildFile; fileRef = 18842B7517067CE9005B77E4 /* NSMutableArray+MultidimensionalAdditions.m */; };
		18D8DB1C170A3D2E00C9D6FE /* Icon.png in Resources */ = {isa = PBXBuildFile; fileRef = 18D8DB1B170A3D2E00C9D6FE /* Icon.png */; };
		18D8DB1E170A3D3200C9D6FE /* Icon@2x.png in Resources */ = {isa = PBXBuildFile; fileRef = 18D8DB1D170A3D3200C9D6FE /* Icon@2x.png */; };
/* End PBXBuildFile section */

/* Begin PBXContainerItemProxy section */
		18842B5D170612EB005B77E4 /* PBXContainerItemProxy */ = {
			isa = PBXContainerItemProxy;
			containerPortal = 18842B27170612EB005B77E4 /* Project object */;
			proxyType = 1;
			remoteGlobalIDString = 18842B2E170612EB005B77E4;
			remoteInfo = RLTicTacToe;
		};
/* End PBXContainerItemProxy section */

/* Begin PBXFileReference section */
		1809F15C1708B02A005F03F0 /* gamegrid.png */ = {isa = PBXFileReference; lastKnownFileType = image.png; path = gamegrid.png; sourceTree = "<group>"; };
		1809F15D1708B02A005F03F0 /* bean.png */ = {isa = PBXFileReference; lastKnownFileType = image.png; path = bean.png; sourceTree = "<group>"; };
		1809F15E1708B02A005F03F0 /* cheese.png */ = {isa = PBXFileReference; lastKnownFileType = image.png; path = cheese.png; sourceTree = "<group>"; };
		1809F16D17090E05005F03F0 /* RuleControllerTests.h */ = {isa = PBXFileReference; fileEncoding = 4; lastKnownFileType = sourcecode.c.h; path = RuleControllerTests.h; sourceTree = "<group>"; };
		1809F16E17090E05005F03F0 /* RuleControllerTests.m */ = {isa = PBXFileReference; fileEncoding = 4; lastKnownFileType = sourcecode.c.objc; path = RuleControllerTests.m; sourceTree = "<group>"; };
		18842B2F170612EB005B77E4 /* RLTicTacToe.app */ = {isa = PBXFileReference; explicitFileType = wrapper.application; includeInIndex = 0; path = RLTicTacToe.app; sourceTree = BUILT_PRODUCTS_DIR; };
		18842B32170612EB005B77E4 /* UIKit.framework */ = {isa = PBXFileReference; lastKnownFileType = wrapper.framework; name = UIKit.framework; path = System/Library/Frameworks/UIKit.framework; sourceTree = SDKROOT; };
		18842B34170612EB005B77E4 /* Foundation.framework */ = {isa = PBXFileReference; lastKnownFileType = wrapper.framework; name = Foundation.framework; path = System/Library/Frameworks/Foundation.framework; sourceTree = SDKROOT; };
		18842B36170612EB005B77E4 /* CoreGraphics.framework */ = {isa = PBXFileReference; lastKnownFileType = wrapper.framework; name = CoreGraphics.framework; path = System/Library/Frameworks/CoreGraphics.framework; sourceTree = SDKROOT; };
		18842B3A170612EB005B77E4 /* RLTicTacToe-Info.plist */ = {isa = PBXFileReference; lastKnownFileType = text.plist.xml; path = "RLTicTacToe-Info.plist"; sourceTree = "<group>"; };
		18842B3C170612EB005B77E4 /* en */ = {isa = PBXFileReference; lastKnownFileType = text.plist.strings; name = en; path = en.lproj/InfoPlist.strings; sourceTree = "<group>"; };
		18842B3E170612EB005B77E4 /* main.m */ = {isa = PBXFileReference; lastKnownFileType = sourcecode.c.objc; path = main.m; sourceTree = "<group>"; };
		18842B40170612EB005B77E4 /* RLTicTacToe-Prefix.pch */ = {isa = PBXFileReference; lastKnownFileType = sourcecode.c.h; path = "RLTicTacToe-Prefix.pch"; sourceTree = "<group>"; };
		18842B41170612EB005B77E4 /* AppDelegate.h */ = {isa = PBXFileReference; lastKnownFileType = sourcecode.c.h; path = AppDelegate.h; sourceTree = "<group>"; };
		18842B42170612EB005B77E4 /* AppDelegate.m */ = {isa = PBXFileReference; lastKnownFileType = sourcecode.c.objc; path = AppDelegate.m; sourceTree = "<group>"; };
		18842B44170612EB005B77E4 /* Default.png */ = {isa = PBXFileReference; lastKnownFileType = image.png; path = Default.png; sourceTree = "<group>"; };
		18842B46170612EB005B77E4 /* Default@2x.png */ = {isa = PBXFileReference; lastKnownFileType = image.png; path = "Default@2x.png"; sourceTree = "<group>"; };
		18842B48170612EB005B77E4 /* Default-568h@2x.png */ = {isa = PBXFileReference; lastKnownFileType = image.png; path = "Default-568h@2x.png"; sourceTree = "<group>"; };
		18842B4B170612EB005B77E4 /* en */ = {isa = PBXFileReference; lastKnownFileType = file.storyboard; name = en; path = en.lproj/MainStoryboard_iPhone.storyboard; sourceTree = "<group>"; };
		18842B4E170612EB005B77E4 /* en */ = {isa = PBXFileReference; lastKnownFileType = file.storyboard; name = en; path = en.lproj/MainStoryboard_iPad.storyboard; sourceTree = "<group>"; };
		18842B50170612EB005B77E4 /* GameBoardVC.h */ = {isa = PBXFileReference; lastKnownFileType = sourcecode.c.h; path = GameBoardVC.h; sourceTree = "<group>"; };
		18842B51170612EB005B77E4 /* GameBoardVC.m */ = {isa = PBXFileReference; lastKnownFileType = sourcecode.c.objc; path = GameBoardVC.m; sourceTree = "<group>"; };
		18842B58170612EB005B77E4 /* RLTicTacToeTests.octest */ = {isa = PBXFileReference; explicitFileType = wrapper.cfbundle; includeInIndex = 0; path = RLTicTacToeTests.octest; sourceTree = BUILT_PRODUCTS_DIR; };
		18842B59170612EB005B77E4 /* SenTestingKit.framework */ = {isa = PBXFileReference; lastKnownFileType = wrapper.framework; name = SenTestingKit.framework; path = Library/Frameworks/SenTestingKit.framework; sourceTree = DEVELOPER_DIR; };
		18842B61170612EB005B77E4 /* RLTicTacToeTests-Info.plist */ = {isa = PBXFileReference; lastKnownFileType = text.plist.xml; path = "RLTicTacToeTests-Info.plist"; sourceTree = "<group>"; };
		18842B63170612EB005B77E4 /* en */ = {isa = PBXFileReference; lastKnownFileType = text.plist.strings; name = en; path = en.lproj/InfoPlist.strings; sourceTree = "<group>"; };
		18842B65170612EB005B77E4 /* RLTicTacToeTests.h */ = {isa = PBXFileReference; lastKnownFileType = sourcecode.c.h; path = RLTicTacToeTests.h; sourceTree = "<group>"; };
		18842B66170612EB005B77E4 /* RLTicTacToeTests.m */ = {isa = PBXFileReference; lastKnownFileType = sourcecode.c.objc; path = RLTicTacToeTests.m; sourceTree = "<group>"; };
		18842B701706158B005B77E4 /* GridModel.h */ = {isa = PBXFileReference; fileEncoding = 4; lastKnownFileType = sourcecode.c.h; path = GridModel.h; sourceTree = "<group>"; };
		18842B711706158B005B77E4 /* GridModel.m */ = {isa = PBXFileReference; fileEncoding = 4; lastKnownFileType = sourcecode.c.objc; path = GridModel.m; sourceTree = "<group>"; };
		18842B7417067CE9005B77E4 /* NSMutableArray+MultidimensionalAdditions.h */ = {isa = PBXFileReference; fileEncoding = 4; lastKnownFileType = sourcecode.c.h; path = "NSMutableArray+MultidimensionalAdditions.h"; sourceTree = "<group>"; };
		18842B7517067CE9005B77E4 /* NSMutableArray+MultidimensionalAdditions.m */ = {isa = PBXFileReference; fileEncoding = 4; lastKnownFileType = sourcecode.c.objc; path = "NSMutableArray+MultidimensionalAdditions.m"; sourceTree = "<group>"; };
		18D8DB1B170A3D2E00C9D6FE /* Icon.png */ = {isa = PBXFileReference; lastKnownFileType = image.png; path = Icon.png; sourceTree = "<group>"; };
		18D8DB1D170A3D3200C9D6FE /* Icon@2x.png */ = {isa = PBXFileReference; lastKnownFileType = image.png; path = "Icon@2x.png"; sourceTree = "<group>"; };
/* End PBXFileReference section */

/* Begin PBXFrameworksBuildPhase section */
		18842B2C170612EB005B77E4 /* Frameworks */ = {
			isa = PBXFrameworksBuildPhase;
			buildActionMask = 2147483647;
			files = (
				18842B33170612EB005B77E4 /* UIKit.framework in Frameworks */,
				18842B35170612EB005B77E4 /* Foundation.framework in Frameworks */,
				18842B37170612EB005B77E4 /* CoreGraphics.framework in Frameworks */,
			);
			runOnlyForDeploymentPostprocessing = 0;
		};
		18842B54170612EB005B77E4 /* Frameworks */ = {
			isa = PBXFrameworksBuildPhase;
			buildActionMask = 2147483647;
			files = (
				18842B5A170612EB005B77E4 /* SenTestingKit.framework in Frameworks */,
				18842B5B170612EB005B77E4 /* UIKit.framework in Frameworks */,
				18842B5C170612EB005B77E4 /* Foundation.framework in Frameworks */,
			);
			runOnlyForDeploymentPostprocessing = 0;
		};
/* End PBXFrameworksBuildPhase section */

/* Begin PBXGroup section */
		1809F15B170897E4005F03F0 /* pictures */ = {
			isa = PBXGroup;
			children = (
				1809F15C1708B02A005F03F0 /* gamegrid.png */,
				1809F15D1708B02A005F03F0 /* bean.png */,
				1809F15E1708B02A005F03F0 /* cheese.png */,
			);
			name = pictures;
			sourceTree = "<group>";
		};
		18842B26170612EB005B77E4 = {
			isa = PBXGroup;
			children = (
				18D8DB1D170A3D3200C9D6FE /* Icon@2x.png */,
				18D8DB1B170A3D2E00C9D6FE /* Icon.png */,
				18842B38170612EB005B77E4 /* RLTicTacToe */,
				18842B5F170612EB005B77E4 /* RLTicTacToeTests */,
				18842B31170612EB005B77E4 /* Frameworks */,
				18842B30170612EB005B77E4 /* Products */,
			);
			sourceTree = "<group>";
		};
		18842B30170612EB005B77E4 /* Products */ = {
			isa = PBXGroup;
			children = (
				18842B2F170612EB005B77E4 /* RLTicTacToe.app */,
				18842B58170612EB005B77E4 /* RLTicTacToeTests.octest */,
			);
			name = Products;
			sourceTree = "<group>";
		};
		18842B31170612EB005B77E4 /* Frameworks */ = {
			isa = PBXGroup;
			children = (
				18842B32170612EB005B77E4 /* UIKit.framework */,
				18842B34170612EB005B77E4 /* Foundation.framework */,
				18842B36170612EB005B77E4 /* CoreGraphics.framework */,
				18842B59170612EB005B77E4 /* SenTestingKit.framework */,
			);
			name = Frameworks;
			sourceTree = "<group>";
		};
		18842B38170612EB005B77E4 /* RLTicTacToe */ = {
			isa = PBXGroup;
			children = (
				18842B4A170612EB005B77E4 /* MainStoryboard_iPhone.storyboard */,
				18842B4D170612EB005B77E4 /* MainStoryboard_iPad.storyboard */,
				18842B50170612EB005B77E4 /* GameBoardVC.h */,
				18842B51170612EB005B77E4 /* GameBoardVC.m */,
				18842B7417067CE9005B77E4 /* NSMutableArray+MultidimensionalAdditions.h */,
				18842B7517067CE9005B77E4 /* NSMutableArray+MultidimensionalAdditions.m */,
				18842B701706158B005B77E4 /* GridModel.h */,
				18842B711706158B005B77E4 /* GridModel.m */,
				18842B39170612EB005B77E4 /* Supporting Files */,
			);
			path = RLTicTacToe;
			sourceTree = "<group>";
		};
		18842B39170612EB005B77E4 /* Supporting Files */ = {
			isa = PBXGroup;
			children = (
				18842B41170612EB005B77E4 /* AppDelegate.h */,
				18842B42170612EB005B77E4 /* AppDelegate.m */,
				1809F15B170897E4005F03F0 /* pictures */,
				18842B3A170612EB005B77E4 /* RLTicTacToe-Info.plist */,
				18842B3B170612EB005B77E4 /* InfoPlist.strings */,
				18842B3E170612EB005B77E4 /* main.m */,
				18842B40170612EB005B77E4 /* RLTicTacToe-Prefix.pch */,
				18842B44170612EB005B77E4 /* Default.png */,
				18842B46170612EB005B77E4 /* Default@2x.png */,
				18842B48170612EB005B77E4 /* Default-568h@2x.png */,
			);
			name = "Supporting Files";
			sourceTree = "<group>";
		};
		18842B5F170612EB005B77E4 /* RLTicTacToeTests */ = {
			isa = PBXGroup;
			children = (
				18842B65170612EB005B77E4 /* RLTicTacToeTests.h */,
				18842B66170612EB005B77E4 /* RLTicTacToeTests.m */,
				1809F16D17090E05005F03F0 /* RuleControllerTests.h */,
				1809F16E17090E05005F03F0 /* RuleControllerTests.m */,
				18842B60170612EB005B77E4 /* Supporting Files */,
			);
			path = RLTicTacToeTests;
			sourceTree = "<group>";
		};
		18842B60170612EB005B77E4 /* Supporting Files */ = {
			isa = PBXGroup;
			children = (
				18842B61170612EB005B77E4 /* RLTicTacToeTests-Info.plist */,
				18842B62170612EB005B77E4 /* InfoPlist.strings */,
			);
			name = "Supporting Files";
			sourceTree = "<group>";
		};
/* End PBXGroup section */

/* Begin PBXNativeTarget section */
		18842B2E170612EB005B77E4 /* RLTicTacToe */ = {
			isa = PBXNativeTarget;
			buildConfigurationList = 18842B6A170612EB005B77E4 /* Build configuration list for PBXNativeTarget "RLTicTacToe" */;
			buildPhases = (
				18842B2B170612EB005B77E4 /* Sources */,
				18842B2C170612EB005B77E4 /* Frameworks */,
				18842B2D170612EB005B77E4 /* Resources */,
			);
			buildRules = (
			);
			dependencies = (
			);
			name = RLTicTacToe;
			productName = RLTicTacToe;
			productReference = 18842B2F170612EB005B77E4 /* RLTicTacToe.app */;
			productType = "com.apple.product-type.application";
		};
		18842B57170612EB005B77E4 /* RLTicTacToeTests */ = {
			isa = PBXNativeTarget;
			buildConfigurationList = 18842B6D170612EB005B77E4 /* Build configuration list for PBXNativeTarget "RLTicTacToeTests" */;
			buildPhases = (
				18842B53170612EB005B77E4 /* Sources */,
				18842B54170612EB005B77E4 /* Frameworks */,
				18842B55170612EB005B77E4 /* Resources */,
				18842B56170612EB005B77E4 /* ShellScript */,
			);
			buildRules = (
			);
			dependencies = (
				18842B5E170612EB005B77E4 /* PBXTargetDependency */,
			);
			name = RLTicTacToeTests;
			productName = RLTicTacToeTests;
			productReference = 18842B58170612EB005B77E4 /* RLTicTacToeTests.octest */;
			productType = "com.apple.product-type.bundle";
		};
/* End PBXNativeTarget section */

/* Begin PBXProject section */
		18842B27170612EB005B77E4 /* Project object */ = {
			isa = PBXProject;
			attributes = {
				LastUpgradeCheck = 0460;
				ORGANIZATIONNAME = LeeMac;
			};
			buildConfigurationList = 18842B2A170612EB005B77E4 /* Build configuration list for PBXProject "RLTicTacToe" */;
			compatibilityVersion = "Xcode 3.2";
			developmentRegion = English;
			hasScannedForEncodings = 0;
			knownRegions = (
				en,
			);
			mainGroup = 18842B26170612EB005B77E4;
			productRefGroup = 18842B30170612EB005B77E4 /* Products */;
			projectDirPath = "";
			projectRoot = "";
			targets = (
				18842B2E170612EB005B77E4 /* RLTicTacToe */,
				18842B57170612EB005B77E4 /* RLTicTacToeTests */,
			);
		};
/* End PBXProject section */

/* Begin PBXResourcesBuildPhase section */
		18842B2D170612EB005B77E4 /* Resources */ = {
			isa = PBXResourcesBuildPhase;
			buildActionMask = 2147483647;
			files = (
				18842B3D170612EB005B77E4 /* InfoPlist.strings in Resources */,
				18842B45170612EB005B77E4 /* Default.png in Resources */,
				18842B47170612EB005B77E4 /* Default@2x.png in Resources */,
				18842B49170612EB005B77E4 /* Default-568h@2x.png in Resources */,
				18842B4C170612EB005B77E4 /* MainStoryboard_iPhone.storyboard in Resources */,
				18842B4F170612EB005B77E4 /* MainStoryboard_iPad.storyboard in Resources */,
				1809F15F1708B02A005F03F0 /* gamegrid.png in Resources */,
				1809F1611708B02A005F03F0 /* bean.png in Resources */,
				1809F1631708B02A005F03F0 /* cheese.png in Resources */,
				18D8DB1C170A3D2E00C9D6FE /* Icon.png in Resources */,
				18D8DB1E170A3D3200C9D6FE /* Icon@2x.png in Resources */,
			);
			runOnlyForDeploymentPostprocessing = 0;
		};
		18842B55170612EB005B77E4 /* Resources */ = {
			isa = PBXResourcesBuildPhase;
			buildActionMask = 2147483647;
			files = (
				18842B64170612EB005B77E4 /* InfoPlist.strings in Resources */,
				1809F1601708B02A005F03F0 /* gamegrid.png in Resources */,
				1809F1621708B02A005F03F0 /* bean.png in Resources */,
				1809F1641708B02A005F03F0 /* cheese.png in Resources */,
			);
			runOnlyForDeploymentPostprocessing = 0;
		};
/* End PBXResourcesBuildPhase section */

/* Begin PBXShellScriptBuildPhase section */
		18842B56170612EB005B77E4 /* ShellScript */ = {
			isa = PBXShellScriptBuildPhase;
			buildActionMask = 2147483647;
			files = (
			);
			inputPaths = (
			);
			outputPaths = (
			);
			runOnlyForDeploymentPostprocessing = 0;
			shellPath = /bin/sh;
			shellScript = "# Run the unit tests in this test bundle.\n\"${SYSTEM_DEVELOPER_DIR}/Tools/RunUnitTests\"\n";
		};
/* End PBXShellScriptBuildPhase section */

/* Begin PBXSourcesBuildPhase section */
		18842B2B170612EB005B77E4 /* Sources */ = {
			isa = PBXSourcesBuildPhase;
			buildActionMask = 2147483647;
			files = (
				18842B3F170612EB005B77E4 /* main.m in Sources */,
				18842B43170612EB005B77E4 /* AppDelegate.m in Sources */,
				18842B52170612EB005B77E4 /* GameBoardVC.m in Sources */,
				18842B721706158B005B77E4 /* GridModel.m in Sources */,
				18842B7617067CE9005B77E4 /* NSMutableArray+MultidimensionalAdditions.m in Sources */,
			);
			runOnlyForDeploymentPostprocessing = 0;
		};
		18842B53170612EB005B77E4 /* Sources */ = {
			isa = PBXSourcesBuildPhase;
			buildActionMask = 2147483647;
			files = (
				18842B67170612EB005B77E4 /* RLTicTacToeTests.m in Sources */,
				18842B731706158B005B77E4 /* GridModel.m in Sources */,
				18842B7717067CE9005B77E4 /* NSMutableArray+MultidimensionalAdditions.m in Sources */,
				1809F16F17090E05005F03F0 /* RuleControllerTests.m in Sources */,
			);
			runOnlyForDeploymentPostprocessing = 0;
		};
/* End PBXSourcesBuildPhase section */

/* Begin PBXTargetDependency section */
		18842B5E170612EB005B77E4 /* PBXTargetDependency */ = {
			isa = PBXTargetDependency;
			target = 18842B2E170612EB005B77E4 /* RLTicTacToe */;
			targetProxy = 18842B5D170612EB005B77E4 /* PBXContainerItemProxy */;
		};
/* End PBXTargetDependency section */

/* Begin PBXVariantGroup section */
		18842B3B170612EB005B77E4 /* InfoPlist.strings */ = {
			isa = PBXVariantGroup;
			children = (
				18842B3C170612EB005B77E4 /* en */,
			);
			name = InfoPlist.strings;
			sourceTree = "<group>";
		};
		18842B4A170612EB005B77E4 /* MainStoryboard_iPhone.storyboard */ = {
			isa = PBXVariantGroup;
			children = (
				18842B4B170612EB005B77E4 /* en */,
			);
			name = MainStoryboard_iPhone.storyboard;
			sourceTree = "<group>";
		};
		18842B4D170612EB005B77E4 /* MainStoryboard_iPad.storyboard */ = {
			isa = PBXVariantGroup;
			children = (
				18842B4E170612EB005B77E4 /* en */,
			);
			name = MainStoryboard_iPad.storyboard;
			sourceTree = "<group>";
		};
		18842B62170612EB005B77E4 /* InfoPlist.strings */ = {
			isa = PBXVariantGroup;
			children = (
				18842B63170612EB005B77E4 /* en */,
			);
			name = InfoPlist.strings;
			sourceTree = "<group>";
		};
/* End PBXVariantGroup section */

/* Begin XCBuildConfiguration section */
		18842B68170612EB005B77E4 /* Debug */ = {
			isa = XCBuildConfiguration;
			buildSettings = {
				ALWAYS_SEARCH_USER_PATHS = NO;
				CLANG_CXX_LANGUAGE_STANDARD = "gnu++0x";
				CLANG_CXX_LIBRARY = "libc++";
				CLANG_ENABLE_OBJC_ARC = YES;
				CLANG_WARN_CONSTANT_CONVERSION = YES;
				CLANG_WARN_EMPTY_BODY = YES;
				CLANG_WARN_ENUM_CONVERSION = YES;
				CLANG_WARN_INT_CONVERSION = YES;
				CLANG_WARN__DUPLICATE_METHOD_MATCH = YES;
				"CODE_SIGN_IDENTITY[sdk=iphoneos*]" = "iPhone Developer";
				COPY_PHASE_STRIP = NO;
				GCC_C_LANGUAGE_STANDARD = gnu99;
				GCC_DYNAMIC_NO_PIC = NO;
				GCC_OPTIMIZATION_LEVEL = 0;
				GCC_PREPROCESSOR_DEFINITIONS = (
					"DEBUG=1",
					"$(inherited)",
				);
				GCC_SYMBOLS_PRIVATE_EXTERN = NO;
				GCC_WARN_ABOUT_RETURN_TYPE = YES;
				GCC_WARN_UNINITIALIZED_AUTOS = YES;
				GCC_WARN_UNUSED_VARIABLE = YES;
				IPHONEOS_DEPLOYMENT_TARGET = 5.0;
				ONLY_ACTIVE_ARCH = YES;
				SDKROOT = iphoneos;
				TARGETED_DEVICE_FAMILY = "1,2";
			};
			name = Debug;
		};
		18842B69170612EB005B77E4 /* Release */ = {
			isa = XCBuildConfiguration;
			buildSettings = {
				ALWAYS_SEARCH_USER_PATHS = NO;
				CLANG_CXX_LANGUAGE_STANDARD = "gnu++0x";
				CLANG_CXX_LIBRARY = "libc++";
				CLANG_ENABLE_OBJC_ARC = YES;
				CLANG_WARN_CONSTANT_CONVERSION = YES;
				CLANG_WARN_EMPTY_BODY = YES;
				CLANG_WARN_ENUM_CONVERSION = YES;
				CLANG_WARN_INT_CONVERSION = YES;
				CLANG_WARN__DUPLICATE_METHOD_MATCH = YES;
				"CODE_SIGN_IDENTITY[sdk=iphoneos*]" = "iPhone Developer";
				COPY_PHASE_STRIP = YES;
				GCC_C_LANGUAGE_STANDARD = gnu99;
				GCC_WARN_ABOUT_RETURN_TYPE = YES;
				GCC_WARN_UNINITIALIZED_AUTOS = YES;
				GCC_WARN_UNUSED_VARIABLE = YES;
				IPHONEOS_DEPLOYMENT_TARGET = 5.0;
				OTHER_CFLAGS = "-DNS_BLOCK_ASSERTIONS=1";
				SDKROOT = iphoneos;
				TARGETED_DEVICE_FAMILY = "1,2";
				VALIDATE_PRODUCT = YES;
			};
			name = Release;
		};
		18842B6B170612EB005B77E4 /* Debug */ = {
			isa = XCBuildConfiguration;
			buildSettings = {
				GCC_PRECOMPILE_PREFIX_HEADER = YES;
				GCC_PREFIX_HEADER = "RLTicTacToe/RLTicTacToe-Prefix.pch";
				INFOPLIST_FILE = "RLTicTacToe/RLTicTacToe-Info.plist";
				IPHONEOS_DEPLOYMENT_TARGET = 5.0;
				PRODUCT_NAME = "$(TARGET_NAME)";
				TARGETED_DEVICE_FAMILY = 1;
				WRAPPER_EXTENSION = app;
			};
			name = Debug;
		};
		18842B6C170612EB005B77E4 /* Release */ = {
			isa = XCBuildConfiguration;
			buildSettings = {
				GCC_PRECOMPILE_PREFIX_HEADER = YES;
				GCC_PREFIX_HEADER = "RLTicTacToe/RLTicTacToe-Prefix.pch";
				INFOPLIST_FILE = "RLTicTacToe/RLTicTacToe-Info.plist";
				IPHONEOS_DEPLOYMENT_TARGET = 5.0;
				PRODUCT_NAME = "$(TARGET_NAME)";
				TARGETED_DEVICE_FAMILY = 1;
				WRAPPER_EXTENSION = app;
			};
			name = Release;
		};
		18842B6E170612EB005B77E4 /* Debug */ = {
			isa = XCBuildConfiguration;
			buildSettings = {
				BUNDLE_LOADER = "$(BUILT_PRODUCTS_DIR)/RLTicTacToe.app/RLTicTacToe";
				FRAMEWORK_SEARCH_PATHS = (
					"\"$(SDKROOT)/Developer/Library/Frameworks\"",
					"\"$(DEVELOPER_LIBRARY_DIR)/Frameworks\"",
				);
				GCC_PRECOMPILE_PREFIX_HEADER = YES;
				GCC_PREFIX_HEADER = "RLTicTacToe/RLTicTacToe-Prefix.pch";
				INFOPLIST_FILE = "RLTicTacToeTests/RLTicTacToeTests-Info.plist";
				PRODUCT_NAME = "$(TARGET_NAME)";
				TEST_HOST = "$(BUNDLE_LOADER)";
				WRAPPER_EXTENSION = octest;
			};
			name = Debug;
		};
		18842B6F170612EB005B77E4 /* Release */ = {
			isa = XCBuildConfiguration;
			buildSettings = {
				BUNDLE_LOADER = "$(BUILT_PRODUCTS_DIR)/RLTicTacToe.app/RLTicTacToe";
				FRAMEWORK_SEARCH_PATHS = (
					"\"$(SDKROOT)/Developer/Library/Frameworks\"",
					"\"$(DEVELOPER_LIBRARY_DIR)/Frameworks\"",
				);
				GCC_PRECOMPILE_PREFIX_HEADER = YES;
				GCC_PREFIX_HEADER = "RLTicTacToe/RLTicTacToe-Prefix.pch";
				INFOPLIST_FILE = "RLTicTacToeTests/RLTicTacToeTests-Info.plist";
				PRODUCT_NAME = "$(TARGET_NAME)";
				TEST_HOST = "$(BUNDLE_LOADER)";
				WRAPPER_EXTENSION = octest;
			};
			name = Release;
		};
/* End XCBuildConfiguration section */

/* Begin XCConfigurationList section */
		18842B2A170612EB005B77E4 /* Build configuration list for PBXProject "RLTicTacToe" */ = {
			isa = XCConfigurationList;
			buildConfigurations = (
				18842B68170612EB005B77E4 /* Debug */,
				18842B69170612EB005B77E4 /* Release */,
			);
			defaultConfigurationIsVisible = 0;
			defaultConfigurationName = Release;
		};
		18842B6A170612EB005B77E4 /* Build configuration list for PBXNativeTarget "RLTicTacToe" */ = {
			isa = XCConfigurationList;
			buildConfigurations = (
				18842B6B170612EB005B77E4 /* Debug */,
				18842B6C170612EB005B77E4 /* Release */,
			);
			defaultConfigurationIsVisible = 0;
			defaultConfigurationName = Release;
		};
		18842B6D170612EB005B77E4 /* Build configuration list for PBXNativeTarget "RLTicTacToeTests" */ = {
			isa = XCConfigurationList;
			buildConfigurations = (
				18842B6E170612EB005B77E4 /* Debug */,
				18842B6F170612EB005B77E4 /* Release */,
			);
			defaultConfigurationIsVisible = 0;
			defaultConfigurationName = Release;
		};
/* End XCConfigurationList section */
	};
	rootObject = 18842B27170612EB005B77E4 /* Project object */;
}
